{
  "name": "vue-flask",
  "version": "1.0.0",
  "lockfileVersion": 1,
  "requires": true,
  "dependencies": {
    "ajv": {
      "version": "5.5.2",
      "resolved": "https://registry.npmjs.org/ajv/-/ajv-5.5.2.tgz",
      "integrity": "sha1-c7Xuyj+rZT49P5Qis0GtQiBdyWU=",
      "requires": {
        "co": "4.6.0",
        "fast-deep-equal": "1.0.0",
        "fast-json-stable-stringify": "2.0.0",
        "json-schema-traverse": "0.3.1"
      }
    },
    "bootstrap": {
      "version": "3.3.7",
      "resolved": "https://registry.npmjs.org/bootstrap/-/bootstrap-3.3.7.tgz",
      "integrity": "sha1-WjiTlFSfIzMIdaOxUGVldPip63E=",
      "dev": true
    },
    "brace": {
      "version": "0.11.0",
      "resolved": "https://registry.npmjs.org/brace/-/brace-0.11.0.tgz",
      "integrity": "sha1-FVzYBgdofcjLkI8N+U5ioDPB1WM="
    },
    "co": {
      "version": "4.6.0",
      "resolved": "https://registry.npmjs.org/co/-/co-4.6.0.tgz",
      "integrity": "sha1-bqa989hTrlTMuOR7+gvz+QMfsYQ="
    },
    "fast-deep-equal": {
      "version": "1.0.0",
      "resolved": "https://registry.npmjs.org/fast-deep-equal/-/fast-deep-equal-1.0.0.tgz",
      "integrity": "sha1-liVqO8l1WV6zbYLpkp0GDYk0Of8="
    },
    "fast-json-stable-stringify": {
      "version": "2.0.0",
      "resolved": "https://registry.npmjs.org/fast-json-stable-stringify/-/fast-json-stable-stringify-2.0.0.tgz",
      "integrity": "sha1-1RQsDK7msRifh9OnYREGT4bIu/I="
    },
    "javascript-natural-sort": {
      "version": "0.7.1",
      "resolved": "https://registry.npmjs.org/javascript-natural-sort/-/javascript-natural-sort-0.7.1.tgz",
      "integrity": "sha1-+eIwPUUH9tdDVac2ZNFED7Wg71k="
    },
    "jquery": {
      "version": "2.2.0",
      "resolved": "https://registry.npmjs.org/jquery/-/jquery-2.2.0.tgz",
      "integrity": "sha1-0OhOu/GZ2lG/fsOTB/GbNXVOnLo=",
      "dev": true
    },
    "json-schema-traverse": {
      "version": "0.3.1",
      "resolved": "https://registry.npmjs.org/json-schema-traverse/-/json-schema-traverse-0.3.1.tgz",
      "integrity": "sha1-NJptRMU6Ud6JtAgFxdXlm0F9M0A="
    },
    "jsoneditor": {
      "version": "5.13.3",
      "resolved": "https://registry.npmjs.org/jsoneditor/-/jsoneditor-5.13.3.tgz",
      "integrity": "sha512-U9IzoYRmth1oEMozJdiiSxun/mCuBpqLc25diYyfsmtknbq4fOapL5M/UlisPW+9MQvNk1ZoAwkvOze9UDr/nQ==",
      "requires": {
        "ajv": "5.5.2",
        "brace": "0.11.0",
        "javascript-natural-sort": "0.7.1"
      }
    },
    "vue": {
      "version": "2.1.10",
      "resolved": "https://registry.npmjs.org/vue/-/vue-2.1.10.tgz",
      "integrity": "sha1-ySNcpIx5JRN75YB4MqxOOsGAQns=",
      "dev": true
    },
    "vue-resource": {
      "version": "1.0.3",
      "resolved": "https://registry.npmjs.org/vue-resource/-/vue-resource-1.0.3.tgz",
      "integrity": "sha1-jVLQ2KntXyrnBMaNUwyEzq+XvhQ=",
      "dev": true
    }
  }
}
